
Microsoft Visual Studio Solution File, Format Version 12.00
# Visual Studio 15
VisualStudioVersion = 15.0.26124.0
MinimumVisualStudioVersion = 15.0.26124.0
Project("{FAE04EC0-301F-11D3-BF4B-00C04F79EFBC}") = "server", "server\server.csproj", "{5C396F91-A37E-491D-8F87-C7893552FBD5}"
EndProject
Project("{2150E333-8FDC-42A3-9474-1A3956D46DE8}") = "examples", "examples", "{9171DB6D-9F57-41C7-96A3-15482A38DDED}"
EndProject
Project("{FAE04EC0-301F-11D3-BF4B-00C04F79EFBC}") = "kewlthing-csharp", "examples\kewlthing-csharp\kewlthing-csharp.csproj", "{967C2465-D024-4AF7-AF92-E2836C835BFE}"
EndProject
Global
	GlobalSection(SolutionConfigurationPlatforms) = preSolution
		Debug|Any CPU = Debug|Any CPU
		Debug|x64 = Debug|x64
		Debug|x86 = Debug|x86
		Release|Any CPU = Release|Any CPU
		Release|x64 = Release|x64
		Release|x86 = Release|x86
	EndGlobalSection
	GlobalSection(SolutionProperties) = preSolution
		HideSolutionNode = FALSE
	EndGlobalSection
	GlobalSection(ProjectConfigurationPlatforms) = postSolution
		{5C396F91-A37E-491D-8F87-C7893552FBD5}.Debug|Any CPU.ActiveCfg = Debug|Any CPU
		{5C396F91-A37E-491D-8F87-C7893552FBD5}.Debug|Any CPU.Build.0 = Debug|Any CPU
		{5C396F91-A37E-491D-8F87-C7893552FBD5}.Debug|x64.ActiveCfg = Debug|x64
		{5C396F91-A37E-491D-8F87-C7893552FBD5}.Debug|x64.Build.0 = Debug|x64
		{5C396F91-A37E-491D-8F87-C7893552FBD5}.Debug|x86.ActiveCfg = Debug|x86
		{5C396F91-A37E-491D-8F87-C7893552FBD5}.Debug|x86.Build.0 = Debug|x86
		{5C396F91-A37E-491D-8F87-C7893552FBD5}.Release|Any CPU.ActiveCfg = Release|Any CPU
		{5C396F91-A37E-491D-8F87-C7893552FBD5}.Release|Any CPU.Build.0 = Release|Any CPU
		{5C396F91-A37E-491D-8F87-C7893552FBD5}.Release|x64.ActiveCfg = Release|x64
		{5C396F91-A37E-491D-8F87-C7893552FBD5}.Release|x64.Build.0 = Release|x64
		{5C396F91-A37E-491D-8F87-C7893552FBD5}.Release|x86.ActiveCfg = Release|x86
		{5C396F91-A37E-491D-8F87-C7893552FBD5}.Release|x86.Build.0 = Release|x86
		{967C2465-D024-4AF7-AF92-E2836C835BFE}.Debug|Any CPU.ActiveCfg = Debug|Any CPU
		{967C2465-D024-4AF7-AF92-E2836C835BFE}.Debug|Any CPU.Build.0 = Debug|Any CPU
		{967C2465-D024-4AF7-AF92-E2836C835BFE}.Debug|x64.ActiveCfg = Debug|x64
		{967C2465-D024-4AF7-AF92-E2836C835BFE}.Debug|x64.Build.0 = Debug|x64
		{967C2465-D024-4AF7-AF92-E2836C835BFE}.Debug|x86.ActiveCfg = Debug|x86
		{967C2465-D024-4AF7-AF92-E2836C835BFE}.Debug|x86.Build.0 = Debug|x86
		{967C2465-D024-4AF7-AF92-E2836C835BFE}.Release|Any CPU.ActiveCfg = Release|Any CPU
		{967C2465-D024-4AF7-AF92-E2836C835BFE}.Release|Any CPU.Build.0 = Release|Any CPU
		{967C2465-D024-4AF7-AF92-E2836C835BFE}.Release|x64.ActiveCfg = Release|x64
		{967C2465-D024-4AF7-AF92-E2836C835BFE}.Release|x64.Build.0 = Release|x64
		{967C2465-D024-4AF7-AF92-E2836C835BFE}.Release|x86.ActiveCfg = Release|x86
		{967C2465-D024-4AF7-AF92-E2836C835BFE}.Release|x86.Build.0 = Release|x86
	EndGlobalSection
	GlobalSection(NestedProjects) = preSolution
		{967C2465-D024-4AF7-AF92-E2836C835BFE} = {9171DB6D-9F57-41C7-96A3-15482A38DDED}
	EndGlobalSection
EndGlobal
